
Microsoft Visual Studio Solution File, Format Version 12.00
# Visual Studio Version 17
VisualStudioVersion = 17.7.34031.279
MinimumVisualStudioVersion = 10.0.40219.1
Project("{FAE04EC0-301F-11D3-BF4B-00C04F79EFBC}") = "hm16_linq", "hm16_linq\hm16_linq.csproj", "{D24A242A-AD55-4CA4-B87C-20ABDC071860}"
EndProject
Project("{FAE04EC0-301F-11D3-BF4B-00C04F79EFBC}") = "hm16_task2", "hm16_task2\hm16_task2.csproj", "{B18067D9-4ACC-41C2-81A1-63345A08DAB7}"
EndProject
Project("{FAE04EC0-301F-11D3-BF4B-00C04F79EFBC}") = "hm16_task3", "hm16_task3\hm16_task3.csproj", "{122E4C56-D003-4570-B78D-543EBD34D49F}"
EndProject
Global
	GlobalSection(SolutionConfigurationPlatforms) = preSolution
		Debug|Any CPU = Debug|Any CPU
		Release|Any CPU = Release|Any CPU
	EndGlobalSection
	GlobalSection(ProjectConfigurationPlatforms) = postSolution
		{D24A242A-AD55-4CA4-B87C-20ABDC071860}.Debug|Any CPU.ActiveCfg = Debug|Any CPU
		{D24A242A-AD55-4CA4-B87C-20ABDC071860}.Debug|Any CPU.Build.0 = Debug|Any CPU
		{D24A242A-AD55-4CA4-B87C-20ABDC071860}.Release|Any CPU.ActiveCfg = Release|Any CPU
		{D24A242A-AD55-4CA4-B87C-20ABDC071860}.Release|Any CPU.Build.0 = Release|Any CPU
		{B18067D9-4ACC-41C2-81A1-63345A08DAB7}.Debug|Any CPU.ActiveCfg = Debug|Any CPU
		{B18067D9-4ACC-41C2-81A1-63345A08DAB7}.Debug|Any CPU.Build.0 = Debug|Any CPU
		{B18067D9-4ACC-41C2-81A1-63345A08DAB7}.Release|Any CPU.ActiveCfg = Release|Any CPU
		{B18067D9-4ACC-41C2-81A1-63345A08DAB7}.Release|Any CPU.Build.0 = Release|Any CPU
		{122E4C56-D003-4570-B78D-543EBD34D49F}.Debug|Any CPU.ActiveCfg = Debug|Any CPU
		{122E4C56-D003-4570-B78D-543EBD34D49F}.Debug|Any CPU.Build.0 = Debug|Any CPU
		{122E4C56-D003-4570-B78D-543EBD34D49F}.Release|Any CPU.ActiveCfg = Release|Any CPU
		{122E4C56-D003-4570-B78D-543EBD34D49F}.Release|Any CPU.Build.0 = Release|Any CPU
	EndGlobalSection
	GlobalSection(SolutionProperties) = preSolution
		HideSolutionNode = FALSE
	EndGlobalSection
	GlobalSection(ExtensibilityGlobals) = postSolution
		SolutionGuid = {398C0083-DD4D-4276-A1E0-1F37277A06FC}
	EndGlobalSection
EndGlobal
